// !$*UTF8*$!
{
	archiveVersion = 1;
	classes = {
	};
	objectVersion = 52;
	objects = {

/* Begin PBXBuildFile section */
		0213F5B125EB3FF2001A9233 /* Credentials.swift in Sources */ = {isa = PBXBuildFile; fileRef = 0213F5B025EB3FF2001A9233 /* Credentials.swift */; };
		0213F5B925EB408A001A9233 /* APIClient.swift in Sources */ = {isa = PBXBuildFile; fileRef = 0213F5B825EB408A001A9233 /* APIClient.swift */; };
		0213F5C225EB44FA001A9233 /* APITests.swift in Sources */ = {isa = PBXBuildFile; fileRef = 0213F5C125EB44FA001A9233 /* APITests.swift */; };
		02AFBB1925EBF2AD00A15643 /* Token.swift in Sources */ = {isa = PBXBuildFile; fileRef = 02AFBB1825EBF2AD00A15643 /* Token.swift */; };
		02AFBB1F25EBF41800A15643 /* PreviewNews.swift in Sources */ = {isa = PBXBuildFile; fileRef = 02AFBB1E25EBF41800A15643 /* PreviewNews.swift */; };
		02F1CCF825EB39FA00915A82 /* AppDelegate.swift in Sources */ = {isa = PBXBuildFile; fileRef = 02F1CCF725EB39FA00915A82 /* AppDelegate.swift */; };
		02F1CCFA25EB39FA00915A82 /* SceneDelegate.swift in Sources */ = {isa = PBXBuildFile; fileRef = 02F1CCF925EB39FA00915A82 /* SceneDelegate.swift */; };
		02F1CCFC25EB39FA00915A82 /* ViewController.swift in Sources */ = {isa = PBXBuildFile; fileRef = 02F1CCFB25EB39FA00915A82 /* ViewController.swift */; };
		02F1CD0125EB39FB00915A82 /* Assets.xcassets in Resources */ = {isa = PBXBuildFile; fileRef = 02F1CD0025EB39FB00915A82 /* Assets.xcassets */; };
		02F1CD3225EB3A2E00915A82 /* EndpointsRequests in Frameworks */ = {isa = PBXBuildFile; productRef = 02F1CD3125EB3A2E00915A82 /* EndpointsRequests */; };
		02F868F425EC1F0800EF44C8 /* FullNews.swift in Sources */ = {isa = PBXBuildFile; fileRef = 02F868F325EC1F0800EF44C8 /* FullNews.swift */; };
		02F868F825EC215D00EF44C8 /* StringExtension.swift in Sources */ = {isa = PBXBuildFile; fileRef = 02F868F725EC215D00EF44C8 /* StringExtension.swift */; };
/* End PBXBuildFile section */

/* Begin PBXContainerItemProxy section */
		02F1CD0B25EB39FC00915A82 /* PBXContainerItemProxy */ = {
			isa = PBXContainerItemProxy;
			containerPortal = 02F1CCEC25EB39FA00915A82 /* Project object */;
			proxyType = 1;
			remoteGlobalIDString = 02F1CCF325EB39FA00915A82;
			remoteInfo = Estadao_Challenge;
		};
/* End PBXContainerItemProxy section */

/* Begin PBXFileReference section */
		0213F5B025EB3FF2001A9233 /* Credentials.swift */ = {isa = PBXFileReference; lastKnownFileType = sourcecode.swift; path = Credentials.swift; sourceTree = "<group>"; };
		0213F5B825EB408A001A9233 /* APIClient.swift */ = {isa = PBXFileReference; lastKnownFileType = sourcecode.swift; path = APIClient.swift; sourceTree = "<group>"; };
		0213F5C125EB44FA001A9233 /* APITests.swift */ = {isa = PBXFileReference; lastKnownFileType = sourcecode.swift; path = APITests.swift; sourceTree = "<group>"; };
		02AFBB1825EBF2AD00A15643 /* Token.swift */ = {isa = PBXFileReference; lastKnownFileType = sourcecode.swift; path = Token.swift; sourceTree = "<group>"; };
		02AFBB1E25EBF41800A15643 /* PreviewNews.swift */ = {isa = PBXFileReference; lastKnownFileType = sourcecode.swift; path = PreviewNews.swift; sourceTree = "<group>"; };
		02F1CCF425EB39FA00915A82 /* Estadao_Challenge.app */ = {isa = PBXFileReference; explicitFileType = wrapper.application; includeInIndex = 0; path = Estadao_Challenge.app; sourceTree = BUILT_PRODUCTS_DIR; };
		02F1CCF725EB39FA00915A82 /* AppDelegate.swift */ = {isa = PBXFileReference; lastKnownFileType = sourcecode.swift; path = AppDelegate.swift; sourceTree = "<group>"; };
		02F1CCF925EB39FA00915A82 /* SceneDelegate.swift */ = {isa = PBXFileReference; lastKnownFileType = sourcecode.swift; path = SceneDelegate.swift; sourceTree = "<group>"; };
		02F1CCFB25EB39FA00915A82 /* ViewController.swift */ = {isa = PBXFileReference; lastKnownFileType = sourcecode.swift; path = ViewController.swift; sourceTree = "<group>"; };
		02F1CD0025EB39FB00915A82 /* Assets.xcassets */ = {isa = PBXFileReference; lastKnownFileType = folder.assetcatalog; path = Assets.xcassets; sourceTree = "<group>"; };
		02F1CD0525EB39FB00915A82 /* Info.plist */ = {isa = PBXFileReference; lastKnownFileType = text.plist.xml; path = Info.plist; sourceTree = "<group>"; };
		02F1CD0A25EB39FC00915A82 /* Estadao_ChallengeTests.xctest */ = {isa = PBXFileReference; explicitFileType = wrapper.cfbundle; includeInIndex = 0; path = Estadao_ChallengeTests.xctest; sourceTree = BUILT_PRODUCTS_DIR; };
		02F1CD1025EB39FC00915A82 /* Info.plist */ = {isa = PBXFileReference; lastKnownFileType = text.plist.xml; path = Info.plist; sourceTree = "<group>"; };
		02F868F325EC1F0800EF44C8 /* FullNews.swift */ = {isa = PBXFileReference; lastKnownFileType = sourcecode.swift; path = FullNews.swift; sourceTree = "<group>"; };
		02F868F725EC215D00EF44C8 /* StringExtension.swift */ = {isa = PBXFileReference; lastKnownFileType = sourcecode.swift; path = StringExtension.swift; sourceTree = "<group>"; };
/* End PBXFileReference section */

/* Begin PBXFrameworksBuildPhase section */
		02F1CCF125EB39FA00915A82 /* Frameworks */ = {
			isa = PBXFrameworksBuildPhase;
			buildActionMask = 2147483647;
			files = (
				02F1CD3225EB3A2E00915A82 /* EndpointsRequests in Frameworks */,
			);
			runOnlyForDeploymentPostprocessing = 0;
		};
		02F1CD0725EB39FC00915A82 /* Frameworks */ = {
			isa = PBXFrameworksBuildPhase;
			buildActionMask = 2147483647;
			files = (
			);
			runOnlyForDeploymentPostprocessing = 0;
		};
/* End PBXFrameworksBuildPhase section */

/* Begin PBXGroup section */
		0213F5BE25EB437C001A9233 /* API */ = {
			isa = PBXGroup;
			children = (
				02AFBB2725EBFCBF00A15643 /* Entities */,
				0213F5B825EB408A001A9233 /* APIClient.swift */,
			);
			path = API;
			sourceTree = "<group>";
		};
		02AFBB2625EBF83800A15643 /* APITests */ = {
			isa = PBXGroup;
			children = (
				0213F5C125EB44FA001A9233 /* APITests.swift */,
			);
			path = APITests;
			sourceTree = "<group>";
		};
		02AFBB2725EBFCBF00A15643 /* Entities */ = {
			isa = PBXGroup;
			children = (
				02AFBB1825EBF2AD00A15643 /* Token.swift */,
				0213F5B025EB3FF2001A9233 /* Credentials.swift */,
				02AFBB1E25EBF41800A15643 /* PreviewNews.swift */,
				02F868F325EC1F0800EF44C8 /* FullNews.swift */,
			);
			path = Entities;
			sourceTree = "<group>";
		};
		02F1CCEB25EB39FA00915A82 = {
			isa = PBXGroup;
			children = (
				02F1CCF625EB39FA00915A82 /* Estadao_Challenge */,
				02F1CD0D25EB39FC00915A82 /* Estadao_ChallengeTests */,
			);
			sourceTree = "<group>";
		};
		02F1CCF525EB39FA00915A82 /* Products */ = {
			isa = PBXGroup;
			children = (
				02F1CCF425EB39FA00915A82 /* Estadao_Challenge.app */,
				02F1CD0A25EB39FC00915A82 /* Estadao_ChallengeTests.xctest */,
			);
			name = Products;
			path = ..;
			sourceTree = "<group>";
		};
		02F1CCF625EB39FA00915A82 /* Estadao_Challenge */ = {
			isa = PBXGroup;
			children = (
				02F1CD4225EB3DA100915A82 /* Controller */,
				02F1CD4125EB3D9E00915A82 /* View */,
				02F1CD4025EB3D9900915A82 /* Model */,
				02F1CD0525EB39FB00915A82 /* Info.plist */,
			);
			path = Estadao_Challenge;
			sourceTree = "<group>";
		};
		02F1CD0D25EB39FC00915A82 /* Estadao_ChallengeTests */ = {
			isa = PBXGroup;
			children = (
				02AFBB2625EBF83800A15643 /* APITests */,
				02F1CD1025EB39FC00915A82 /* Info.plist */,
				02F1CCF525EB39FA00915A82 /* Products */,
			);
			path = Estadao_ChallengeTests;
			sourceTree = "<group>";
		};
		02F1CD4025EB3D9900915A82 /* Model */ = {
			isa = PBXGroup;
			children = (
				02F868F725EC215D00EF44C8 /* StringExtension.swift */,
				0213F5BE25EB437C001A9233 /* API */,
				02F1CCF725EB39FA00915A82 /* AppDelegate.swift */,
				02F1CCF925EB39FA00915A82 /* SceneDelegate.swift */,
			);
			path = Model;
			sourceTree = "<group>";
		};
		02F1CD4125EB3D9E00915A82 /* View */ = {
			isa = PBXGroup;
			children = (
				02F1CD0025EB39FB00915A82 /* Assets.xcassets */,
			);
			path = View;
			sourceTree = "<group>";
		};
		02F1CD4225EB3DA100915A82 /* Controller */ = {
			isa = PBXGroup;
			children = (
				02F1CCFB25EB39FA00915A82 /* ViewController.swift */,
			);
			path = Controller;
			sourceTree = "<group>";
		};
/* End PBXGroup section */

/* Begin PBXNativeTarget section */
		02F1CCF325EB39FA00915A82 /* Estadao_Challenge */ = {
			isa = PBXNativeTarget;
			buildConfigurationList = 02F1CD1E25EB39FC00915A82 /* Build configuration list for PBXNativeTarget "Estadao_Challenge" */;
			buildPhases = (
				02F1CCF025EB39FA00915A82 /* Sources */,
				02F1CCF125EB39FA00915A82 /* Frameworks */,
				02F1CCF225EB39FA00915A82 /* Resources */,
			);
			buildRules = (
			);
			dependencies = (
			);
			name = Estadao_Challenge;
			packageProductDependencies = (
				02F1CD3125EB3A2E00915A82 /* EndpointsRequests */,
			);
			productName = Estadao_Challenge;
			productReference = 02F1CCF425EB39FA00915A82 /* Estadao_Challenge.app */;
			productType = "com.apple.product-type.application";
		};
		02F1CD0925EB39FC00915A82 /* Estadao_ChallengeTests */ = {
			isa = PBXNativeTarget;
			buildConfigurationList = 02F1CD2125EB39FC00915A82 /* Build configuration list for PBXNativeTarget "Estadao_ChallengeTests" */;
			buildPhases = (
				02F1CD0625EB39FC00915A82 /* Sources */,
				02F1CD0725EB39FC00915A82 /* Frameworks */,
				02F1CD0825EB39FC00915A82 /* Resources */,
			);
			buildRules = (
			);
			dependencies = (
				02F1CD0C25EB39FC00915A82 /* PBXTargetDependency */,
			);
			name = Estadao_ChallengeTests;
			productName = Estadao_ChallengeTests;
			productReference = 02F1CD0A25EB39FC00915A82 /* Estadao_ChallengeTests.xctest */;
			productType = "com.apple.product-type.bundle.unit-test";
		};
/* End PBXNativeTarget section */

/* Begin PBXProject section */
		02F1CCEC25EB39FA00915A82 /* Project object */ = {
			isa = PBXProject;
			attributes = {
				LastSwiftUpdateCheck = 1240;
				LastUpgradeCheck = 1240;
				TargetAttributes = {
					02F1CCF325EB39FA00915A82 = {
						CreatedOnToolsVersion = 12.4;
					};
					02F1CD0925EB39FC00915A82 = {
						CreatedOnToolsVersion = 12.4;
						TestTargetID = 02F1CCF325EB39FA00915A82;
					};
				};
			};
			buildConfigurationList = 02F1CCEF25EB39FA00915A82 /* Build configuration list for PBXProject "Estadao_Challenge" */;
			compatibilityVersion = "Xcode 9.3";
			developmentRegion = en;
			hasScannedForEncodings = 0;
			knownRegions = (
				en,
				Base,
			);
			mainGroup = 02F1CCEB25EB39FA00915A82;
			packageReferences = (
				02F1CD3025EB3A2E00915A82 /* XCRemoteSwiftPackageReference "Endpoints-Requests" */,
			);
			productRefGroup = 02F1CCF525EB39FA00915A82 /* Products */;
			projectDirPath = "";
			projectRoot = "";
			targets = (
				02F1CCF325EB39FA00915A82 /* Estadao_Challenge */,
				02F1CD0925EB39FC00915A82 /* Estadao_ChallengeTests */,
			);
		};
/* End PBXProject section */

/* Begin PBXResourcesBuildPhase section */
		02F1CCF225EB39FA00915A82 /* Resources */ = {
			isa = PBXResourcesBuildPhase;
			buildActionMask = 2147483647;
			files = (
				02F1CD0125EB39FB00915A82 /* Assets.xcassets in Resources */,
			);
			runOnlyForDeploymentPostprocessing = 0;
		};
		02F1CD0825EB39FC00915A82 /* Resources */ = {
			isa = PBXResourcesBuildPhase;
			buildActionMask = 2147483647;
			files = (
			);
			runOnlyForDeploymentPostprocessing = 0;
		};
/* End PBXResourcesBuildPhase section */

/* Begin PBXSourcesBuildPhase section */
		02F1CCF025EB39FA00915A82 /* Sources */ = {
			isa = PBXSourcesBuildPhase;
			buildActionMask = 2147483647;
			files = (
				02F1CCFC25EB39FA00915A82 /* ViewController.swift in Sources */,
				02F868F425EC1F0800EF44C8 /* FullNews.swift in Sources */,
				02F1CCF825EB39FA00915A82 /* AppDelegate.swift in Sources */,
				0213F5B925EB408A001A9233 /* APIClient.swift in Sources */,
				02AFBB1925EBF2AD00A15643 /* Token.swift in Sources */,
				02F868F825EC215D00EF44C8 /* StringExtension.swift in Sources */,
				02AFBB1F25EBF41800A15643 /* PreviewNews.swift in Sources */,
				02F1CCFA25EB39FA00915A82 /* SceneDelegate.swift in Sources */,
				0213F5B125EB3FF2001A9233 /* Credentials.swift in Sources */,
			);
			runOnlyForDeploymentPostprocessing = 0;
		};
		02F1CD0625EB39FC00915A82 /* Sources */ = {
			isa = PBXSourcesBuildPhase;
			buildActionMask = 2147483647;
			files = (
				0213F5C225EB44FA001A9233 /* APITests.swift in Sources */,
			);
			runOnlyForDeploymentPostprocessing = 0;
		};
/* End PBXSourcesBuildPhase section */

/* Begin PBXTargetDependency section */
		02F1CD0C25EB39FC00915A82 /* PBXTargetDependency */ = {
			isa = PBXTargetDependency;
			target = 02F1CCF325EB39FA00915A82 /* Estadao_Challenge */;
			targetProxy = 02F1CD0B25EB39FC00915A82 /* PBXContainerItemProxy */;
		};
/* End PBXTargetDependency section */

/* Begin XCBuildConfiguration section */
		02F1CD1C25EB39FC00915A82 /* Debug */ = {
			isa = XCBuildConfiguration;
			buildSettings = {
				ALWAYS_SEARCH_USER_PATHS = NO;
				CLANG_ANALYZER_NONNULL = YES;
				CLANG_ANALYZER_NUMBER_OBJECT_CONVERSION = YES_AGGRESSIVE;
				CLANG_CXX_LANGUAGE_STANDARD = "gnu++14";
				CLANG_CXX_LIBRARY = "libc++";
				CLANG_ENABLE_MODULES = YES;
				CLANG_ENABLE_OBJC_ARC = YES;
				CLANG_ENABLE_OBJC_WEAK = YES;
				CLANG_WARN_BLOCK_CAPTURE_AUTORELEASING = YES;
				CLANG_WARN_BOOL_CONVERSION = YES;
				CLANG_WARN_COMMA = YES;
				CLANG_WARN_CONSTANT_CONVERSION = YES;
				CLANG_WARN_DEPRECATED_OBJC_IMPLEMENTATIONS = YES;
				CLANG_WARN_DIRECT_OBJC_ISA_USAGE = YES_ERROR;
				CLANG_WARN_DOCUMENTATION_COMMENTS = YES;
				CLANG_WARN_EMPTY_BODY = YES;
				CLANG_WARN_ENUM_CONVERSION = YES;
				CLANG_WARN_INFINITE_RECURSION = YES;
				CLANG_WARN_INT_CONVERSION = YES;
				CLANG_WARN_NON_LITERAL_NULL_CONVERSION = YES;
				CLANG_WARN_OBJC_IMPLICIT_RETAIN_SELF = YES;
				CLANG_WARN_OBJC_LITERAL_CONVERSION = YES;
				CLANG_WARN_OBJC_ROOT_CLASS = YES_ERROR;
				CLANG_WARN_QUOTED_INCLUDE_IN_FRAMEWORK_HEADER = YES;
				CLANG_WARN_RANGE_LOOP_ANALYSIS = YES;
				CLANG_WARN_STRICT_PROTOTYPES = YES;
				CLANG_WARN_SUSPICIOUS_MOVE = YES;
				CLANG_WARN_UNGUARDED_AVAILABILITY = YES_AGGRESSIVE;
				CLANG_WARN_UNREACHABLE_CODE = YES;
				CLANG_WARN__DUPLICATE_METHOD_MATCH = YES;
				COPY_PHASE_STRIP = NO;
				DEBUG_INFORMATION_FORMAT = dwarf;
				ENABLE_STRICT_OBJC_MSGSEND = YES;
				ENABLE_TESTABILITY = YES;
				GCC_C_LANGUAGE_STANDARD = gnu11;
				GCC_DYNAMIC_NO_PIC = NO;
				GCC_NO_COMMON_BLOCKS = YES;
				GCC_OPTIMIZATION_LEVEL = 0;
				GCC_PREPROCESSOR_DEFINITIONS = (
					"DEBUG=1",
					"$(inherited)",
				);
				GCC_WARN_64_TO_32_BIT_CONVERSION = YES;
				GCC_WARN_ABOUT_RETURN_TYPE = YES_ERROR;
				GCC_WARN_UNDECLARED_SELECTOR = YES;
				GCC_WARN_UNINITIALIZED_AUTOS = YES_AGGRESSIVE;
				GCC_WARN_UNUSED_FUNCTION = YES;
				GCC_WARN_UNUSED_VARIABLE = YES;
				IPHONEOS_DEPLOYMENT_TARGET = 14.4;
				MTL_ENABLE_DEBUG_INFO = INCLUDE_SOURCE;
				MTL_FAST_MATH = YES;
				ONLY_ACTIVE_ARCH = YES;
				SDKROOT = iphoneos;
				SWIFT_ACTIVE_COMPILATION_CONDITIONS = DEBUG;
				SWIFT_OPTIMIZATION_LEVEL = "-Onone";
			};
			name = Debug;
		};
		02F1CD1D25EB39FC00915A82 /* Release */ = {
			isa = XCBuildConfiguration;
			buildSettings = {
				ALWAYS_SEARCH_USER_PATHS = NO;
				CLANG_ANALYZER_NONNULL = YES;
				CLANG_ANALYZER_NUMBER_OBJECT_CONVERSION = YES_AGGRESSIVE;
				CLANG_CXX_LANGUAGE_STANDARD = "gnu++14";
				CLANG_CXX_LIBRARY = "libc++";
				CLANG_ENABLE_MODULES = YES;
				CLANG_ENABLE_OBJC_ARC = YES;
				CLANG_ENABLE_OBJC_WEAK = YES;
				CLANG_WARN_BLOCK_CAPTURE_AUTORELEASING = YES;
				CLANG_WARN_BOOL_CONVERSION = YES;
				CLANG_WARN_COMMA = YES;
				CLANG_WARN_CONSTANT_CONVERSION = YES;
				CLANG_WARN_DEPRECATED_OBJC_IMPLEMENTATIONS = YES;
				CLANG_WARN_DIRECT_OBJC_ISA_USAGE = YES_ERROR;
				CLANG_WARN_DOCUMENTATION_COMMENTS = YES;
				CLANG_WARN_EMPTY_BODY = YES;
				CLANG_WARN_ENUM_CONVERSION = YES;
				CLANG_WARN_INFINITE_RECURSION = YES;
				CLANG_WARN_INT_CONVERSION = YES;
				CLANG_WARN_NON_LITERAL_NULL_CONVERSION = YES;
				CLANG_WARN_OBJC_IMPLICIT_RETAIN_SELF = YES;
				CLANG_WARN_OBJC_LITERAL_CONVERSION = YES;
				CLANG_WARN_OBJC_ROOT_CLASS = YES_ERROR;
				CLANG_WARN_QUOTED_INCLUDE_IN_FRAMEWORK_HEADER = YES;
				CLANG_WARN_RANGE_LOOP_ANALYSIS = YES;
				CLANG_WARN_STRICT_PROTOTYPES = YES;
				CLANG_WARN_SUSPICIOUS_MOVE = YES;
				CLANG_WARN_UNGUARDED_AVAILABILITY = YES_AGGRESSIVE;
				CLANG_WARN_UNREACHABLE_CODE = YES;
				CLANG_WARN__DUPLICATE_METHOD_MATCH = YES;
				COPY_PHASE_STRIP = NO;
				DEBUG_INFORMATION_FORMAT = "dwarf-with-dsym";
				ENABLE_NS_ASSERTIONS = NO;
				ENABLE_STRICT_OBJC_MSGSEND = YES;
				GCC_C_LANGUAGE_STANDARD = gnu11;
				GCC_NO_COMMON_BLOCKS = YES;
				GCC_WARN_64_TO_32_BIT_CONVERSION = YES;
				GCC_WARN_ABOUT_RETURN_TYPE = YES_ERROR;
				GCC_WARN_UNDECLARED_SELECTOR = YES;
				GCC_WARN_UNINITIALIZED_AUTOS = YES_AGGRESSIVE;
				GCC_WARN_UNUSED_FUNCTION = YES;
				GCC_WARN_UNUSED_VARIABLE = YES;
				IPHONEOS_DEPLOYMENT_TARGET = 14.4;
				MTL_ENABLE_DEBUG_INFO = NO;
				MTL_FAST_MATH = YES;
				SDKROOT = iphoneos;
				SWIFT_COMPILATION_MODE = wholemodule;
				SWIFT_OPTIMIZATION_LEVEL = "-O";
				VALIDATE_PRODUCT = YES;
			};
			name = Release;
		};
		02F1CD1F25EB39FC00915A82 /* Debug */ = {
			isa = XCBuildConfiguration;
			buildSettings = {
				ASSETCATALOG_COMPILER_APPICON_NAME = AppIcon;
				ASSETCATALOG_COMPILER_GLOBAL_ACCENT_COLOR_NAME = AccentColor;
				CODE_SIGN_STYLE = Automatic;
				DEVELOPMENT_TEAM = BVZY57RJZG;
				INFOPLIST_FILE = Estadao_Challenge/Info.plist;
				LD_RUNPATH_SEARCH_PATHS = (
					"$(inherited)",
					"@executable_path/Frameworks",
				);
				PRODUCT_BUNDLE_IDENTIFIER = "PGF.Estadao-Challenge";
				PRODUCT_NAME = "$(TARGET_NAME)";
				SWIFT_VERSION = 5.0;
				TARGETED_DEVICE_FAMILY = "1,2";
			};
			name = Debug;
		};
		02F1CD2025EB39FC00915A82 /* Release */ = {
			isa = XCBuildConfiguration;
			buildSettings = {
				ASSETCATALOG_COMPILER_APPICON_NAME = AppIcon;
				ASSETCATALOG_COMPILER_GLOBAL_ACCENT_COLOR_NAME = AccentColor;
				CODE_SIGN_STYLE = Automatic;
				DEVELOPMENT_TEAM = BVZY57RJZG;
				INFOPLIST_FILE = Estadao_Challenge/Info.plist;
				LD_RUNPATH_SEARCH_PATHS = (
					"$(inherited)",
					"@executable_path/Frameworks",
				);
				PRODUCT_BUNDLE_IDENTIFIER = "PGF.Estadao-Challenge";
				PRODUCT_NAME = "$(TARGET_NAME)";
				SWIFT_VERSION = 5.0;
				TARGETED_DEVICE_FAMILY = "1,2";
			};
			name = Release;
		};
		02F1CD2225EB39FC00915A82 /* Debug */ = {
			isa = XCBuildConfiguration;
			buildSettings = {
				ALWAYS_EMBED_SWIFT_STANDARD_LIBRARIES = YES;
				BUNDLE_LOADER = "$(TEST_HOST)";
				CODE_SIGN_STYLE = Automatic;
				DEVELOPMENT_TEAM = BVZY57RJZG;
				INFOPLIST_FILE = Estadao_ChallengeTests/Info.plist;
				IPHONEOS_DEPLOYMENT_TARGET = 14.4;
				LD_RUNPATH_SEARCH_PATHS = (
					"$(inherited)",
					"@executable_path/Frameworks",
					"@loader_path/Frameworks",
				);
				PRODUCT_BUNDLE_IDENTIFIER = "PGF.Estadao-ChallengeTests";
				PRODUCT_NAME = "$(TARGET_NAME)";
				SWIFT_VERSION = 5.0;
				TARGETED_DEVICE_FAMILY = "1,2";
				TEST_HOST = "$(BUILT_PRODUCTS_DIR)/Estadao_Challenge.app/Estadao_Challenge";
			};
			name = Debug;
		};
		02F1CD2325EB39FC00915A82 /* Release */ = {
			isa = XCBuildConfiguration;
			buildSettings = {
				ALWAYS_EMBED_SWIFT_STANDARD_LIBRARIES = YES;
				BUNDLE_LOADER = "$(TEST_HOST)";
				CODE_SIGN_STYLE = Automatic;
				DEVELOPMENT_TEAM = BVZY57RJZG;
				INFOPLIST_FILE = Estadao_ChallengeTests/Info.plist;
				IPHONEOS_DEPLOYMENT_TARGET = 14.4;
				LD_RUNPATH_SEARCH_PATHS = (
					"$(inherited)",
					"@executable_path/Frameworks",
					"@loader_path/Frameworks",
				);
				PRODUCT_BUNDLE_IDENTIFIER = "PGF.Estadao-ChallengeTests";
				PRODUCT_NAME = "$(TARGET_NAME)";
				SWIFT_VERSION = 5.0;
				TARGETED_DEVICE_FAMILY = "1,2";
				TEST_HOST = "$(BUILT_PRODUCTS_DIR)/Estadao_Challenge.app/Estadao_Challenge";
			};
			name = Release;
		};
/* End XCBuildConfiguration section */

/* Begin XCConfigurationList section */
		02F1CCEF25EB39FA00915A82 /* Build configuration list for PBXProject "Estadao_Challenge" */ = {
			isa = XCConfigurationList;
			buildConfigurations = (
				02F1CD1C25EB39FC00915A82 /* Debug */,
				02F1CD1D25EB39FC00915A82 /* Release */,
			);
			defaultConfigurationIsVisible = 0;
			defaultConfigurationName = Release;
		};
		02F1CD1E25EB39FC00915A82 /* Build configuration list for PBXNativeTarget "Estadao_Challenge" */ = {
			isa = XCConfigurationList;
			buildConfigurations = (
				02F1CD1F25EB39FC00915A82 /* Debug */,
				02F1CD2025EB39FC00915A82 /* Release */,
			);
			defaultConfigurationIsVisible = 0;
			defaultConfigurationName = Release;
		};
		02F1CD2125EB39FC00915A82 /* Build configuration list for PBXNativeTarget "Estadao_ChallengeTests" */ = {
			isa = XCConfigurationList;
			buildConfigurations = (
				02F1CD2225EB39FC00915A82 /* Debug */,
				02F1CD2325EB39FC00915A82 /* Release */,
			);
			defaultConfigurationIsVisible = 0;
			defaultConfigurationName = Release;
		};
/* End XCConfigurationList section */

/* Begin XCRemoteSwiftPackageReference section */
		02F1CD3025EB3A2E00915A82 /* XCRemoteSwiftPackageReference "Endpoints-Requests" */ = {
			isa = XCRemoteSwiftPackageReference;
			repositoryURL = "https://github.com/PedroFarina/Endpoints-Requests";
			requirement = {
				kind = upToNextMajorVersion;
				minimumVersion = 1.1.31;
			};
		};
/* End XCRemoteSwiftPackageReference section */

/* Begin XCSwiftPackageProductDependency section */
		02F1CD3125EB3A2E00915A82 /* EndpointsRequests */ = {
			isa = XCSwiftPackageProductDependency;
			package = 02F1CD3025EB3A2E00915A82 /* XCRemoteSwiftPackageReference "Endpoints-Requests" */;
			productName = EndpointsRequests;
		};
/* End XCSwiftPackageProductDependency section */
	};
	rootObject = 02F1CCEC25EB39FA00915A82 /* Project object */;
}
